
// !$*UTF8*$!
{
	archiveVersion = 1;
	classes = {
	};
	objectVersion = 55;
	objects = {

/* Begin PBXBuildFile section */
		6347E12B27B37F2B0078BE02 /* CryptoTrackerApp.swift in Sources */ = {isa = PBXBuildFile; fileRef = 6347E12A27B37F2B0078BE02 /* CryptoTrackerApp.swift */; };
		6347E12F27B37F2D0078BE02 /* Assets.xcassets in Resources */ = {isa = PBXBuildFile; fileRef = 6347E12E27B37F2D0078BE02 /* Assets.xcassets */; };
		6347E13227B37F2D0078BE02 /* Preview Assets.xcassets in Resources */ = {isa = PBXBuildFile; fileRef = 6347E13127B37F2D0078BE02 /* Preview Assets.xcassets */; };
		6347E13B27B3805E0078BE02 /* AppDelegate.swift in Sources */ = {isa = PBXBuildFile; fileRef = 6347E13A27B3805D0078BE02 /* AppDelegate.swift */; };
		6347E13F27B382470078BE02 /* MenuBarCoinView.swift in Sources */ = {isa = PBXBuildFile; fileRef = 6347E13E27B382470078BE02 /* MenuBarCoinView.swift */; };
		6347E14127B386180078BE02 /* PopoverCoinView.swift in Sources */ = {isa = PBXBuildFile; fileRef = 6347E14027B386180078BE02 /* PopoverCoinView.swift */; };
		6347E14327B3ECC00078BE02 /* CoinType.swift in Sources */ = {isa = PBXBuildFile; fileRef = 6347E14227B3ECC00078BE02 /* CoinType.swift */; };
		6347E14527B3ED650078BE02 /* Coin.swift in Sources */ = {isa = PBXBuildFile; fileRef = 6347E14427B3ED650078BE02 /* Coin.swift */; };
		6347E14727B3ED850078BE02 /* CoinCapPriceService.swift in Sources */ = {isa = PBXBuildFile; fileRef = 6347E14627B3ED850078BE02 /* CoinCapPriceService.swift */; };
		6347E14B27B4A53D0078BE02 /* MenuBarCoinViewModel.swift in Sources */ = {isa = PBXBuildFile; fileRef = 6347E14A27B4A53C0078BE02 /* MenuBarCoinViewModel.swift */; };
		6347E14D27B4ADBD0078BE02 /* PopoverCoinViewModel.swift in Sources */ = {isa = PBXBuildFile; fileRef = 6347E14C27B4ADBC0078BE02 /* PopoverCoinViewModel.swift */; };
/* End PBXBuildFile section */

/* Begin PBXFileReference section */
		6347E12727B37F2B0078BE02 /* CryptoTracker.app */ = {isa = PBXFileReference; explicitFileType = wrapper.application; includeInIndex = 0; path = CryptoTracker.app; sourceTree = BUILT_PRODUCTS_DIR; };
		6347E12A27B37F2B0078BE02 /* CryptoTrackerApp.swift */ = {isa = PBXFileReference; lastKnownFileType = sourcecode.swift; path = CryptoTrackerApp.swift; sourceTree = "<group>"; };
		6347E12E27B37F2D0078BE02 /* Assets.xcassets */ = {isa = PBXFileReference; lastKnownFileType = folder.assetcatalog; path = Assets.xcassets; sourceTree = "<group>"; };
		6347E13127B37F2D0078BE02 /* Preview Assets.xcassets */ = {isa = PBXFileReference; lastKnownFileType = folder.assetcatalog; path = "Preview Assets.xcassets"; sourceTree = "<group>"; };
		6347E13327B37F2D0078BE02 /* CryptoTracker.entitlements */ = {isa = PBXFileReference; lastKnownFileType = text.plist.entitlements; path = CryptoTracker.entitlements; sourceTree = "<group>"; };
		6347E13927B37FB30078BE02 /* Info.plist */ = {isa = PBXFileReference; lastKnownFileType = text.plist; path = Info.plist; sourceTree = "<group>"; };
		6347E13A27B3805D0078BE02 /* AppDelegate.swift */ = {isa = PBXFileReference; lastKnownFileType = sourcecode.swift; path = AppDelegate.swift; sourceTree = "<group>"; };
		6347E13E27B382470078BE02 /* MenuBarCoinView.swift */ = {isa = PBXFileReference; lastKnownFileType = sourcecode.swift; path = MenuBarCoinView.swift; sourceTree = "<group>"; };
		6347E14027B386180078BE02 /* PopoverCoinView.swift */ = {isa = PBXFileReference; lastKnownFileType = sourcecode.swift; path = PopoverCoinView.swift; sourceTree = "<group>"; };
		6347E14227B3ECC00078BE02 /* CoinType.swift */ = {isa = PBXFileReference; lastKnownFileType = sourcecode.swift; path = CoinType.swift; sourceTree = "<group>"; };
		6347E14427B3ED650078BE02 /* Coin.swift */ = {isa = PBXFileReference; lastKnownFileType = sourcecode.swift; path = Coin.swift; sourceTree = "<group>"; };
		6347E14627B3ED850078BE02 /* CoinCapPriceService.swift */ = {isa = PBXFileReference; lastKnownFileType = sourcecode.swift; path = CoinCapPriceService.swift; sourceTree = "<group>"; };
		6347E14A27B4A53C0078BE02 /* MenuBarCoinViewModel.swift */ = {isa = PBXFileReference; lastKnownFileType = sourcecode.swift; path = MenuBarCoinViewModel.swift; sourceTree = "<group>"; };
		6347E14C27B4ADBC0078BE02 /* PopoverCoinViewModel.swift */ = {isa = PBXFileReference; lastKnownFileType = sourcecode.swift; path = PopoverCoinViewModel.swift; sourceTree = "<group>"; };
/* End PBXFileReference section */

/* Begin PBXFrameworksBuildPhase section */
		6347E12427B37F2B0078BE02 /* Frameworks */ = {
			isa = PBXFrameworksBuildPhase;
			buildActionMask = 2147483647;
			files = (
			);
			runOnlyForDeploymentPostprocessing = 0;
		};
/* End PBXFrameworksBuildPhase section */

/* Begin PBXGroup section */
		6347E11E27B37F2B0078BE02 = {
			isa = PBXGroup;
			children = (
				6347E12927B37F2B0078BE02 /* CryptoTracker */,
				6347E12827B37F2B0078BE02 /* Products */,
			);
			sourceTree = "<group>";
		};
		6347E12827B37F2B0078BE02 /* Products */ = {
			isa = PBXGroup;
			children = (
				6347E12727B37F2B0078BE02 /* CryptoTracker.app */,
			);
			name = Products;
			sourceTree = "<group>";
		};
		6347E12927B37F2B0078BE02 /* CryptoTracker */ = {
			isa = PBXGroup;
			children = (
				6347E13927B37FB30078BE02 /* Info.plist */,
				6347E12A27B37F2B0078BE02 /* CryptoTrackerApp.swift */,
				6347E12E27B37F2D0078BE02 /* Assets.xcassets */,
				6347E13327B37F2D0078BE02 /* CryptoTracker.entitlements */,
				6347E13027B37F2D0078BE02 /* Preview Content */,
				6347E13A27B3805D0078BE02 /* AppDelegate.swift */,
				6347E14227B3ECC00078BE02 /* CoinType.swift */,
				6347E14427B3ED650078BE02 /* Coin.swift */,
				6347E14627B3ED850078BE02 /* CoinCapPriceService.swift */,
				6347E14A27B4A53C0078BE02 /* MenuBarCoinViewModel.swift */,
				6347E14C27B4ADBC0078BE02 /* PopoverCoinViewModel.swift */,
				6347E13E27B382470078BE02 /* MenuBarCoinView.swift */,
				6347E14027B386180078BE02 /* PopoverCoinView.swift */,
			);
			path = CryptoTracker;
			sourceTree = "<group>";
		};
		6347E13027B37F2D0078BE02 /* Preview Content */ = {
			isa = PBXGroup;
			children = (
				6347E13127B37F2D0078BE02 /* Preview Assets.xcassets */,
			);
			path = "Preview Content";
			sourceTree = "<group>";
		};
/* End PBXGroup section */

/* Begin PBXNativeTarget section */
		6347E12627B37F2B0078BE02 /* CryptoTracker */ = {
			isa = PBXNativeTarget;
			buildConfigurationList = 6347E13627B37F2D0078BE02 /* Build configuration list for PBXNativeTarget "CryptoTracker" */;
			buildPhases = (
				6347E12327B37F2B0078BE02 /* Sources */,
				6347E12427B37F2B0078BE02 /* Frameworks */,
				6347E12527B37F2B0078BE02 /* Resources */,
			);
			buildRules = (
			);
			dependencies = (
			);
			name = CryptoTracker;
			productName = CryptoTracker;
			productReference = 6347E12727B37F2B0078BE02 /* CryptoTracker.app */;
			productType = "com.apple.product-type.application";
		};
/* End PBXNativeTarget section */

/* Begin PBXProject section */
		6347E11F27B37F2B0078BE02 /* Project object */ = {
			isa = PBXProject;
			attributes = {
				BuildIndependentTargetsInParallel = 1;
				LastSwiftUpdateCheck = 1320;
				LastUpgradeCheck = 1320;
				TargetAttributes = {
					6347E12627B37F2B0078BE02 = {
						CreatedOnToolsVersion = 13.2.1;
					};
				};
			};
			buildConfigurationList = 6347E12227B37F2B0078BE02 /* Build configuration list for PBXProject "CryptoTracker" */;
			compatibilityVersion = "Xcode 13.0";
			developmentRegion = en;
			hasScannedForEncodings = 0;
			knownRegions = (
				en,
				Base,
			);
			mainGroup = 6347E11E27B37F2B0078BE02;
			productRefGroup = 6347E12827B37F2B0078BE02 /* Products */;
			projectDirPath = "";
			projectRoot = "";
			targets = (
				6347E12627B37F2B0078BE02 /* CryptoTracker */,
			);
		};
/* End PBXProject section */

/* Begin PBXResourcesBuildPhase section */
		6347E12527B37F2B0078BE02 /* Resources */ = {
			isa = PBXResourcesBuildPhase;
			buildActionMask = 2147483647;
			files = (
				6347E13227B37F2D0078BE02 /* Preview Assets.xcassets in Resources */,
				6347E12F27B37F2D0078BE02 /* Assets.xcassets in Resources */,
			);
			runOnlyForDeploymentPostprocessing = 0;
		};
/* End PBXResourcesBuildPhase section */

/* Begin PBXSourcesBuildPhase section */
		6347E12327B37F2B0078BE02 /* Sources */ = {
			isa = PBXSourcesBuildPhase;
			buildActionMask = 2147483647;
			files = (
				6347E14527B3ED650078BE02 /* Coin.swift in Sources */,
				6347E14727B3ED850078BE02 /* CoinCapPriceService.swift in Sources */,
				6347E14327B3ECC00078BE02 /* CoinType.swift in Sources */,
				6347E14D27B4ADBD0078BE02 /* PopoverCoinViewModel.swift in Sources */,
				6347E13F27B382470078BE02 /* MenuBarCoinView.swift in Sources */,
				6347E14B27B4A53D0078BE02 /* MenuBarCoinViewModel.swift in Sources */,
				6347E13B27B3805E0078BE02 /* AppDelegate.swift in Sources */,
				6347E12B27B37F2B0078BE02 /* CryptoTrackerApp.swift in Sources */,
				6347E14127B386180078BE02 /* PopoverCoinView.swift in Sources */,
			);
			runOnlyForDeploymentPostprocessing = 0;
		};
/* End PBXSourcesBuildPhase section */

/* Begin XCBuildConfiguration section */
		6347E13427B37F2D0078BE02 /* Debug */ = {
			isa = XCBuildConfiguration;
			buildSettings = {
				ALWAYS_SEARCH_USER_PATHS = NO;
				CLANG_ANALYZER_NONNULL = YES;
				CLANG_ANALYZER_NUMBER_OBJECT_CONVERSION = YES_AGGRESSIVE;
				CLANG_CXX_LANGUAGE_STANDARD = "gnu++17";
				CLANG_CXX_LIBRARY = "libc++";
				CLANG_ENABLE_MODULES = YES;
				CLANG_ENABLE_OBJC_ARC = YES;
				CLANG_ENABLE_OBJC_WEAK = YES;
				CLANG_WARN_BLOCK_CAPTURE_AUTORELEASING = YES;
				CLANG_WARN_BOOL_CONVERSION = YES;
				CLANG_WARN_COMMA = YES;
				CLANG_WARN_CONSTANT_CONVERSION = YES;
				CLANG_WARN_DEPRECATED_OBJC_IMPLEMENTATIONS = YES;
				CLANG_WARN_DIRECT_OBJC_ISA_USAGE = YES_ERROR;
				CLANG_WARN_DOCUMENTATION_COMMENTS = YES;
				CLANG_WARN_EMPTY_BODY = YES;
				CLANG_WARN_ENUM_CONVERSION = YES;
				CLANG_WARN_INFINITE_RECURSION = YES;
				CLANG_WARN_INT_CONVERSION = YES;
				CLANG_WARN_NON_LITERAL_NULL_CONVERSION = YES;
				CLANG_WARN_OBJC_IMPLICIT_RETAIN_SELF = YES;
				CLANG_WARN_OBJC_LITERAL_CONVERSION = YES;
				CLANG_WARN_OBJC_ROOT_CLASS = YES_ERROR;
				CLANG_WARN_QUOTED_INCLUDE_IN_FRAMEWORK_HEADER = YES;
				CLANG_WARN_RANGE_LOOP_ANALYSIS = YES;
				CLANG_WARN_STRICT_PROTOTYPES = YES;
				CLANG_WARN_SUSPICIOUS_MOVE = YES;
				CLANG_WARN_UNGUARDED_AVAILABILITY = YES_AGGRESSIVE;
				CLANG_WARN_UNREACHABLE_CODE = YES;
				CLANG_WARN__DUPLICATE_METHOD_MATCH = YES;
				COPY_PHASE_STRIP = NO;
				DEBUG_INFORMATION_FORMAT = dwarf;
				ENABLE_STRICT_OBJC_MSGSEND = YES;
				ENABLE_TESTABILITY = YES;
				GCC_C_LANGUAGE_STANDARD = gnu11;
				GCC_DYNAMIC_NO_PIC = NO;
				GCC_NO_COMMON_BLOCKS = YES;
				GCC_OPTIMIZATION_LEVEL = 0;
				GCC_PREPROCESSOR_DEFINITIONS = (
					"DEBUG=1",
					"$(inherited)",
				);
				GCC_WARN_64_TO_32_BIT_CONVERSION = YES;
				GCC_WARN_ABOUT_RETURN_TYPE = YES_ERROR;
				GCC_WARN_UNDECLARED_SELECTOR = YES;
				GCC_WARN_UNINITIALIZED_AUTOS = YES_AGGRESSIVE;
				GCC_WARN_UNUSED_FUNCTION = YES;
				GCC_WARN_UNUSED_VARIABLE = YES;
				MACOSX_DEPLOYMENT_TARGET = 12.1;
				MTL_ENABLE_DEBUG_INFO = INCLUDE_SOURCE;
				MTL_FAST_MATH = YES;
				ONLY_ACTIVE_ARCH = YES;
				SDKROOT = macosx;
				SWIFT_ACTIVE_COMPILATION_CONDITIONS = DEBUG;
				SWIFT_OPTIMIZATION_LEVEL = "-Onone";
			};
			name = Debug;
		};
		6347E13527B37F2D0078BE02 /* Release */ = {
			isa = XCBuildConfiguration;
			buildSettings = {
				ALWAYS_SEARCH_USER_PATHS = NO;
				CLANG_ANALYZER_NONNULL = YES;
				CLANG_ANALYZER_NUMBER_OBJECT_CONVERSION = YES_AGGRESSIVE;