
// !$*UTF8*$!
{
	archiveVersion = 1;
	classes = {
	};
	objectVersion = 55;
	objects = {

/* Begin PBXBuildFile section */
		6347E12B27B37F2B0078BE02 /* CryptoTrackerApp.swift in Sources */ = {isa = PBXBuildFile; fileRef = 6347E12A27B37F2B0078BE02 /* CryptoTrackerApp.swift */; };
		6347E12F27B37F2D0078BE02 /* Assets.xcassets in Resources */ = {isa = PBXBuildFile; fileRef = 6347E12E27B37F2D0078BE02 /* Assets.xcassets */; };
		6347E13227B37F2D0078BE02 /* Preview Assets.xcassets in Resources */ = {isa = PBXBuildFile; fileRef = 6347E13127B37F2D0078BE02 /* Preview Assets.xcassets */; };
		6347E13B27B3805E0078BE02 /* AppDelegate.swift in Sources */ = {isa = PBXBuildFile; fileRef = 6347E13A27B3805D0078BE02 /* AppDelegate.swift */; };
		6347E13F27B382470078BE02 /* MenuBarCoinView.swift in Sources */ = {isa = PBXBuildFile; fileRef = 6347E13E27B382470078BE02 /* MenuBarCoinView.swift */; };
		6347E14127B386180078BE02 /* PopoverCoinView.swift in Sources */ = {isa = PBXBuildFile; fileRef = 6347E14027B386180078BE02 /* PopoverCoinView.swift */; };
		6347E14327B3ECC00078BE02 /* CoinType.swift in Sources */ = {isa = PBXBuildFile; fileRef = 6347E14227B3ECC00078BE02 /* CoinType.swift */; };
		6347E14527B3ED650078BE02 /* Coin.swift in Sources */ = {isa = PBXBuildFile; fileRef = 6347E14427B3ED650078BE02 /* Coin.swift */; };
		6347E14727B3ED850078BE02 /* CoinCapPriceService.swift in Sources */ = {isa = PBXBuildFile; fileRef = 6347E14627B3ED850078BE02 /* CoinCapPriceService.swift */; };
		6347E14B27B4A53D0078BE02 /* MenuBarCoinViewModel.swift in Sources */ = {isa = PBXBuildFile; fileRef = 6347E14A27B4A53C0078BE02 /* MenuBarCoinViewModel.swift */; };
		6347E14D27B4ADBD0078BE02 /* PopoverCoinViewModel.swift in Sources */ = {isa = PBXBuildFile; fileRef = 6347E14C27B4ADBC0078BE02 /* PopoverCoinViewModel.swift */; };
/* End PBXBuildFile section */

/* Begin PBXFileReference section */
		6347E12727B37F2B0078BE02 /* CryptoTracker.app */ = {isa = PBXFileReference; explicitFileType = wrapper.application; includeInIndex = 0; path = CryptoTracker.app; sourceTree = BUILT_PRODUCTS_DIR; };
		6347E12A27B37F2B0078BE02 /* CryptoTrackerApp.swift */ = {isa = PBXFileReference; lastKnownFileType = sourcecode.swift; path = CryptoTrackerApp.swift; sourceTree = "<group>"; };
		6347E12E27B37F2D0078BE02 /* Assets.xcassets */ = {isa = PBXFileReference; lastKnownFileType = folder.assetcatalog; path = Assets.xcassets; sourceTree = "<group>"; };
		6347E13127B37F2D0078BE02 /* Preview Assets.xcassets */ = {isa = PBXFileReference; lastKnownFileType = folder.assetcatalog; path = "Preview Assets.xcassets"; sourceTree = "<group>"; };
		6347E13327B37F2D0078BE02 /* CryptoTracker.entitlements */ = {isa = PBXFileReference; lastKnownFileType = text.plist.entitlements; path = CryptoTracker.entitlements; sourceTree = "<group>"; };
		6347E13927B37FB30078BE02 /* Info.plist */ = {isa = PBXFileReference; lastKnownFileType = text.plist; path = Info.plist; sourceTree = "<group>"; };
		6347E13A27B3805D0078BE02 /* AppDelegate.swift */ = {isa = PBXFileReference; lastKnownFileType = sourcecode.swift; path = AppDelegate.swift; sourceTree = "<group>"; };
		6347E13E27B382470078BE02 /* MenuBarCoinView.swift */ = {isa = PBXFileReference; lastKnownFileType = sourcecode.swift; path = MenuBarCoinView.swift; sourceTree = "<group>"; };
		6347E14027B386180078BE02 /* PopoverCoinView.swift */ = {isa = PBXFileReference; lastKnownFileType = sourcecode.swift; path = PopoverCoinView.swift; sourceTree = "<group>"; };
		6347E14227B3ECC00078BE02 /* CoinType.swift */ = {isa = PBXFileReference; lastKnownFileType = sourcecode.swift; path = CoinType.swift; sourceTree = "<group>"; };
		6347E14427B3ED650078BE02 /* Coin.swift */ = {isa = PBXFileReference; lastKnownFileType = sourcecode.swift; path = Coin.swift; sourceTree = "<group>"; };
		6347E14627B3ED850078BE02 /* CoinCapPriceService.swift */ = {isa = PBXFileReference; lastKnownFileType = sourcecode.swift; path = CoinCapPriceService.swift; sourceTree = "<group>"; };
		6347E14A27B4A53C0078BE02 /* MenuBarCoinViewModel.swift */ = {isa = PBXFileReference; lastKnownFileType = sourcecode.swift; path = MenuBarCoinViewModel.swift; sourceTree = "<group>"; };